
Microsoft Visual Studio Solution File, Format Version 12.00
# Visual Studio Version 17
VisualStudioVersion = 17.4.33403.182
MinimumVisualStudioVersion = 10.0.40219.1
Project("{FAE04EC0-301F-11D3-BF4B-00C04F79EFBC}") = "decorator-pattern", "decorator-pattern\decorator-pattern.csproj", "{87AD1978-5D74-4918-A3B7-E8EC6C052EF4}"
EndProject
Global
	GlobalSection(SolutionConfigurationPlatforms) = preSolution
		Debug|Any CPU = Debug|Any CPU
		Release|Any CPU = Release|Any CPU
	EndGlobalSection
	GlobalSection(ProjectConfigurationPlatforms) = postSolution
		{87AD1978-5D74-4918-A3B7-E8EC6C052EF4}.Debug|Any CPU.ActiveCfg = Debug|Any CPU
		{87AD1978-5D74-4918-A3B7-E8EC6C052EF4}.Debug|Any CPU.Build.0 = Debug|Any CPU
		{87AD1978-5D74-4918-A3B7-E8EC6C052EF4}.Release|Any CPU.ActiveCfg = Release|Any CPU
		{87AD1978-5D74-4918-A3B7-E8EC6C052EF4}.Release|Any CPU.Build.0 = Release|Any CPU
	EndGlobalSection
	GlobalSection(SolutionProperties) = preSolution
		HideSolutionNode = FALSE
	EndGlobalSection
	GlobalSection(ExtensibilityGlobals) = postSolution
		SolutionGuid = {095C6A22-AE6D-44F8-A490-CF05E4DC236A}
	EndGlobalSection
EndGlobal
